{
  "name": "sage",
  "version": "9.0.0-beta.4",
  "lockfileVersion": 1,
  "requires": true,
  "dependencies": {
    "browser-sync-webpack-plugin": {
      "version": "2.0.1",
      "resolved": "https://registry.npmjs.org/browser-sync-webpack-plugin/-/browser-sync-webpack-plugin-2.0.1.tgz",
      "integrity": "sha512-F9vkVErG4N1XCJb1OI+RD/5oAK1nMd1G5UDfNE/FmUVAyo24YItfXN+etzA8MBC4Z7oLjkuBKDeeLlbFa4NBGQ==",
      "dev": true,
      "requires": {
        "lodash": "4.17.5"
      }
    },
    "lodash": {
      "version": "4.17.5",
      "resolved": "https://registry.npmjs.org/lodash/-/lodash-4.17.5.tgz",
      "integrity": "sha512-svL3uiZf1RwhH+cWrfZn3A4+U58wbP0tGVTLQPbjplZxZ8ROD9VLuNgsRniTlLe7OlSqR79RUehXgpBW/s0IQw==",
      "dev": true
    }
  }
}
